// !$*UTF8*$!
{
	archiveVersion = 1;
	classes = {
	};
	objectVersion = 77;
	objects = {

/* Begin PBXContainerItemProxy section */
		CB1B94FC2EDD7874004CCACF /* PBXContainerItemProxy */ = {
			isa = PBXContainerItemProxy;
			containerPortal = CB1B94E42EDD7871004CCACF /* Project object */;
			proxyType = 1;
			remoteGlobalIDString = CB1B94EB2EDD7872004CCACF;
			remoteInfo = MotionDepthEffect;
		};
		CB1B95062EDD7874004CCACF /* PBXContainerItemProxy */ = {
			isa = PBXContainerItemProxy;
			containerPortal = CB1B94E42EDD7871004CCACF /* Project object */;
			proxyType = 1;
			remoteGlobalIDString = CB1B94EB2EDD7872004CCACF;
			remoteInfo = MotionDepthEffect;
		};
/* End PBXContainerItemProxy section */

/* Begin PBXFileReference section */
		CB1B94EC2EDD7872004CCACF /* MotionDepthEffect.app */ = {isa = PBXFileReference; explicitFileType = wrapper.application; includeInIndex = 0; path = MotionDepthEffect.app; sourceTree = BUILT_PRODUCTS_DIR; };
		CB1B94FB2EDD7874004CCACF /* MotionDepthEffectTests.xctest */ = {isa = PBXFileReference; explicitFileType = wrapper.cfbundle; includeInIndex = 0; path = MotionDepthEffectTests.xctest; sourceTree = BUILT_PRODUCTS_DIR; };
		CB1B95052EDD7874004CCACF /* MotionDepthEffectUITests.xctest */ = {isa = PBXFileReference; explicitFileType = wrapper.cfbundle; includeInIndex = 0; path = MotionDepthEffectUITests.xctest; sourceTree = BUILT_PRODUCTS_DIR; };
/* End PBXFileReference section */

/* Begin PBXFileSystemSynchronizedRootGroup section */
		CB1B94EE2EDD7872004CCACF /* MotionDepthEffect */ = {
			isa = PBXFileSystemSynchronizedRootGroup;
			path = MotionDepthEffect;
			sourceTree = "<group>";
		};
		CB1B94FE2EDD7874004CCACF /* MotionDepthEffectTests */ = {
			isa = PBXFileSystemSynchronizedRootGroup;
			path = MotionDepthEffectTests;
			sourceTree = "<group>";
		};
		CB1B95082EDD7874004CCACF /* MotionDepthEffectUITests */ = {
			isa = PBXFileSystemSynchronizedRootGroup;
			path = MotionDepthEffectUITests;
			sourceTree = "<group>";
		};
/* End PBXFileSystemSynchronizedRootGroup section */

/* Begin PBXFrameworksBuildPhase section */
		CB1B94E92EDD7872004CCACF /* Frameworks */ = {
			isa = PBXFrameworksBuildPhase;
			buildActionMask = 2147483647;
			files = (
			);
			runOnlyForDeploymentPostprocessing = 0;
		};
		CB1B94F82EDD7874004CCACF /* Frameworks */ = {
			isa = PBXFrameworksBuildPhase;
			buildActionMask = 2147483647;
			files = (
			);
			runOnlyForDeploymentPostprocessing = 0;
		};
		CB1B95022EDD7874004CCACF /* Frameworks */ = {
			isa = PBXFrameworksBuildPhase;
			buildActionMask = 2147483647;
			files = (
			);
			runOnlyForDeploymentPostprocessing = 0;
		};
/* End PBXFrameworksBuildPhase section */

/* Begin PBXGroup section */
		CB1B94E32EDD7871004CCACF = {
			isa = PBXGroup;
			children = (
				CB1B94EE2EDD7872004CCACF /* MotionDepthEffect */,
				CB1B94FE2EDD7874004CCACF /* MotionDepthEffectTests */,
				CB1B95082EDD7874004CCACF /* MotionDepthEffectUITests */,
				CB1B94ED2EDD7872004CCACF /* Products */,
			);
			sourceTree = "<group>";
		};
		CB1B94ED2EDD7872004CCACF /* Products */ = {
			isa = PBXGroup;
			children = (
				CB1B94EC2EDD7872004CCACF /* MotionDepthEffect.app */,
				CB1B94FB2EDD7874004CCACF /* MotionDepthEffectTests.xctest */,
				CB1B95052EDD7874004CCACF /* MotionDepthEffectUITests.xctest */,
			);
			name = Products;
			sourceTree = "<group>";
		};
/* End PBXGroup section */

/* Begin PBXNativeTarget section */
		CB1B94EB2EDD7872004CCACF /* MotionDepthEffect */ = {
			isa = PBXNativeTarget;
			buildConfigurationList = CB1B950F2EDD7874004CCACF /* Build configuration list for PBXNativeTarget "MotionDepthEffect" */;
			buildPhases = (
				CB1B94E82EDD7872004CCACF /* Sources */,
				CB1B94E92EDD7872004CCACF /* Frameworks */,
				CB1B94EA2EDD7872004CCACF /* Resources */,
			);
			buildRules = (
			);
			dependencies = (
			);
			fileSystemSynchronizedGroups = (
				CB1B94EE2EDD7872004CCACF /* MotionDepthEffect */,
			);
			name = MotionDepthEffect;
			packageProductDependencies = (
			);
			productName = MotionDepthEffect;
			productReference = CB1B94EC2EDD7872004CCACF /* MotionDepthEffect.app */;
			productType = "com.apple.product-type.application";
		};
		CB1B94FA2EDD7874004CCACF /* MotionDepthEffectTests */ = {
			isa = PBXNativeTarget;
			buildConfigurationList = CB1B95122EDD7874004CCACF /* Build configuration list for PBXNativeTarget "MotionDepthEffectTests" */;
			buildPhases = (
				CB1B94F72EDD7874004CCACF /* Sources */,
				CB1B94F82EDD7874004CCACF /* Frameworks */,
				CB1B94F92EDD7874004CCACF /* Resources */,
			);
			buildRules = (
			);
			dependencies = (
				CB1B94FD2EDD7874004CCACF /* PBXTargetDependency */,
			);
			fileSystemSynchronizedGroups = (
				CB1B94FE2EDD7874004CCACF /* MotionDepthEffectTests */,
			);
			name = MotionDepthEffectTests;
			packageProductDependencies = (
			);
			productName = MotionDepthEffectTests;
			productReference = CB1B94FB2EDD7874004CCACF /* MotionDepthEffectTests.xctest */;
			productType = "com.apple.product-type.bundle.unit-test";
		};
		CB1B95042EDD7874004CCACF /* MotionDepthEffectUITests */ = {
			isa = PBXNativeTarget;
			buildConfigurationList = CB1B95152EDD7874004CCACF /* Build configuration list for PBXNativeTarget "MotionDepthEffectUITests" */;
			buildPhases = (
				CB1B95012EDD7874004CCACF /* Sources */,
				CB1B95022EDD7874004CCACF /* Frameworks */,
				CB1B95032EDD7874004CCACF /* Resources */,
			);
			buildRules = (
			);
			dependencies = (
				CB1B95072EDD7874004CCACF /* PBXTargetDependency */,
			);
			fileSystemSynchronizedGroups = (
				CB1B95082EDD7874004CCACF /* MotionDepthEffectUITests */,
			);
			name = MotionDepthEffectUITests;
			packageProductDependencies = (
			);
			productName = MotionDepthEffectUITests;
			productReference = CB1B95052EDD7874004CCACF /* MotionDepthEffectUITests.xctest */;
			productType = "com.apple.product-type.bundle.ui-testing";
		};
/* End PBXNativeTarget section */

/* Begin PBXProject section */
		CB1B94E42EDD7871004CCACF /* Project object */ = {
			isa = PBXProject;
			attributes = {
				BuildIndependentTargetsInParallel = 1;
				LastSwiftUpdateCheck = 1630;
				LastUpgradeCheck = 1630;
				TargetAttributes = {
					CB1B94EB2EDD7872004CCACF = {
						CreatedOnToolsVersion = 16.3;
					};
					CB1B94FA2EDD7874004CCACF = {
						CreatedOnToolsVersion = 16.3;
						TestTargetID = CB1B94EB2EDD7872004CCACF;
					};
					CB1B95042EDD7874004CCACF = {
						CreatedOnToolsVersion = 16.3;
						TestTargetID = CB1B94EB2EDD7872004CCACF;
					};
				};
			};
			buildConfigurationList = CB1B94E72EDD7871004CCACF /* Build configuration list for PBXProject "MotionDepthEffect" */;
			developmentRegion = en;
			hasScannedForEncodings = 0;
			knownRegions = (
				en,
				Base,
			);
			mainGroup = CB1B94E32EDD7871004CCACF;
			minimizedProjectReferenceProxies = 1;
			preferredProjectObjectVersion = 77;
			productRefGroup = CB1B94ED2EDD7872004CCACF /* Products */;
			projectDirPath = "";
			projectRoot = "";
			targets = (
				CB1B94EB2EDD7872004CCACF /* MotionDepthEffect */,
				CB1B94FA2EDD7874004CCACF /* MotionDepthEffectTests */,
				CB1B95042EDD7874004CCACF /* MotionDepthEffectUITests */,
			);
		};
/* End PBXProject section */

/* Begin PBXResourcesBuildPhase section */
		CB1B94EA2EDD7872004CCACF /* Resources */ = {
			isa = PBXResourcesBuildPhase;
			buildActionMask = 2147483647;
			files = (
			);
			runOnlyForDeploymentPostprocessing = 0;
		};
		CB1B94F92EDD7874004CCACF /* Resources */ = {
			isa = PBXResourcesBuildPhase;
			buildActionMask = 2147483647;
			files = (
			);
			runOnlyForDeploymentPostprocessing = 0;
		};
		CB1B95032EDD7874004CCACF /* Resources */ = {
			isa = PBXResourcesBuildPhase;
			buildActionMask = 2147483647;
			files = (
			);
			runOnlyForDeploymentPostprocessing = 0;
		};
/* End PBXResourcesBuildPhase section */

/* Begin PBXSourcesBuildPhase section */
		CB1B94E82EDD7872004CCACF /* Sources */ = {
			isa = PBXSourcesBuildPhase;
			buildActionMask = 2147483647;
			files = (
			);
			runOnlyForDeploymentPostprocessing = 0;
		};
		CB1B94F72EDD7874004CCACF /* Sources */ = {
			isa = PBXSourcesBuildPhase;
			buildActionMask = 2147483647;
			files = (
			);
			runOnlyForDeploymentPostprocessing = 0;
		};
		CB1B95012EDD7874004CCACF /* Sources */ = {
			isa = PBXSourcesBuildPhase;
			buildActionMask = 2147483647;
			files = (
			);
			runOnlyForDeploymentPostprocessing = 0;
		};
/* End PBXSourcesBuildPhase section */

/* Begin PBXTargetDependency section */
		CB1B94FD2EDD7874004CCACF /* PBXTargetDependency */ = {
			isa = PBXTargetDependency;
			target = CB1B94EB2EDD7872004CCACF /* MotionDepthEffect */;
			targetProxy = CB1B94FC2EDD7874004CCACF /* PBXContainerItemProxy */;
		};
		CB1B95072EDD7874004CCACF /* PBXTargetDependency */ = {
			isa = PBXTargetDependency;
			target = CB1B94EB2EDD7872004CCACF /* MotionDepthEffect */;
			targetProxy = CB1B95062EDD7874004CCACF /* PBXContainerItemProxy */;
		};
/* End PBXTargetDependency section */

/* Begin XCBuildConfiguration section */
		CB1B950D2EDD7874004CCACF /* Debug */ = {
			isa = XCBuildConfiguration;
			buildSettings = {
				ALWAYS_SEARCH_USER_PATHS = NO;
				ASSETCATALOG_COMPILER_GENERATE_SWIFT_ASSET_SYMBOL_EXTENSIONS = YES;
				CLANG_ANALYZER_NONNULL = YES;
				CLANG_ANALYZER_NUMBER_OBJECT_CONVERSION = YES_AGGRESSIVE;
				CLANG_CXX_LANGUAGE_STANDARD = "gnu++20";
				CLANG_ENABLE_MODULES = YES;
				CLANG_ENABLE_OBJC_ARC = YES;
				CLANG_ENABLE_OBJC_WEAK = YES;
				CLANG_WARN_BLOCK_CAPTURE_AUTORELEASING = YES;
				CLANG_WARN_BOOL_CONVERSION = YES;
				CLANG_WARN_COMMA = YES;
				CLANG_WARN_CONSTANT_CONVERSION = YES;
				CLANG_WARN_DEPRECATED_OBJC_IMPLEMENTATIONS = YES;
				CLANG_WARN_DIRECT_OBJC_ISA_USAGE = YES_ERROR;
				CLANG_WARN_DOCUMENTATION_COMMENTS = YES;
				CLANG_WARN_EMPTY_BODY = YES;
				CLANG_WARN_ENUM_CONVERSION = YES;
				CLANG_WARN_INFINITE_RECURSION = YES;
				CLANG_WARN_INT_CONVERSION = YES;
				CLANG_WARN_NON_LITERAL_NULL_CONVERSION = YES;
				CLANG_WARN_OBJC_IMPLICIT_RETAIN_SELF = YES;
				CLANG_WARN_OBJC_LITERAL_CONVERSION = YES;
				CLANG_WARN_OBJC_ROOT_CLASS = YES_ERROR;
				CLANG_WARN_QUOTED_INCLUDE_IN_FRAMEWORK_HEADER = YES;
				CLANG_WARN_RANGE_LOOP_ANALYSIS = YES;
				CLANG_WARN_STRICT_PROTOTYPES = YES;
				CLANG_WARN_SUSPICIOUS_MOVE = YES;
				CLANG_WARN_UNGUARDED_AVAILABILITY = YES_AGGRESSIVE;
				CLANG_WARN_UNREACHABLE_CODE = YES;
				CLANG_WARN__DUPLICATE_METHOD_MATCH = YES;
				COPY_PHASE_STRIP = NO;
				DEBUG_INFORMATION_FORMAT = dwarf;
				DEVELOPMENT_TEAM = EFSCQ8TW64;
				ENABLE_STRICT_OBJC_MSGSEND = YES;
				ENABLE_TESTABILITY = YES;
				ENABLE_USER_SCRIPT_SANDBOXING = YES;
				GCC_C_LANGUAGE_STANDARD = gnu17;
				GCC_DYNAMIC_NO_PIC = NO;
				GCC_NO_COMMON_BLOCKS = YES;
				GCC_OPTIMIZATION_LEVEL = 0;
				GCC_PREPROCESSOR_DEFINITIONS = (
					"DEBUG=1",
					"$(inherited)",
				);
				GCC_WARN_64_TO_32_BIT_CONVERSION = YES;
				GCC_WARN_ABOUT_RETURN_TYPE = YES_ERROR;
				GCC_WARN_UNDECLARED_SELECTOR = YES;
				GCC_WARN_UNINITIALIZED_AUTOS = YES_AGGRESSIVE;
				GCC_WARN_UNUSED_FUNCTION = YES;
				GCC_WARN_UNUSED_VARIABLE = YES;
				IPHONEOS_DEPLOYMENT_TARGET = 18.4;
				LOCALIZATION_PREFERS_STRING_CATALOGS = YES;
				MTL_ENABLE_DEBUG_INFO = INCLUDE_SOURCE;
				MTL_FAST_MATH = YES;
				ONLY_ACTIVE_ARCH = YES;
				SDKROOT = iphoneos;
				SWIFT_ACTIVE_COMPILATION_CONDITIONS = "DEBUG $(inherited)";
				SWIFT_OPTIMIZATION_LEVEL = "-Onone";
			};
			name = Debug;
		};
		CB1B950E2EDD7874004CCACF /* Release */ = {
			isa = XCBuildConfiguration;
			buildSettings = {
				ALWAYS_SEARCH_USER_PATHS = NO;
				ASSETCATALOG_COMPILER_GENERATE_SWIFT_ASSET_SYMBOL_EXTENSIONS = YES;
				CLANG_ANALYZER_NONNULL = YES;
				CLANG_ANALYZER_NUMBER_OBJECT_CONVERSION = YES_AGGRESSIVE;
				CLANG_CXX_LANGUAGE_STANDARD = "gnu++20";
				CLANG_ENABLE_MODULES = YES;
				CLANG_ENABLE_OBJC_ARC = YES;
				CLANG_ENABLE_OBJC_WEAK = YES;
				CLANG_WARN_BLOCK_CAPTURE_AUTORELEASING = YES;
				CLANG_WARN_BOOL_CONVERSION = YES;
				CLANG_WARN_COMMA = YES;
				CLANG_WARN_CONSTANT_CONVERSION = YES;
				CLANG_WARN_DEPRECATED_OBJC_IMPLEMENTATIONS = YES;
				CLANG_WARN_DIRECT_OBJC_ISA_USAGE = YES_ERROR;
				CLANG_WARN_DOCUMENTATION_COMMENTS = YES;
				CLANG_WARN_EMPTY_BODY = YES;
				CLANG_WARN_ENUM_CONVERSION = YES;
				CLANG_WARN_INFINITE_RECURSION = YES;
				CLANG_WARN_INT_CONVERSION = YES;
				CLANG_WARN_NON_LITERAL_NULL_CONVERSION = YES;
				CLANG_WARN_OBJC_IMPLICIT_RETAIN_SELF = YES;
				CLANG_WARN_OBJC_LITERAL_CONVERSION = YES;
				CLANG_WARN_OBJC_ROOT_CLASS = YES_ERROR;
				CLANG_WARN_QUOTED_INCLUDE_IN_FRAMEWORK_HEADER = YES;
				CLANG_WARN_RANGE_LOOP_ANALYSIS = YES;
				CLANG_WARN_STRICT_PROTOTYPES = YES;
				CLANG_WARN_SUSPICIOUS_MOVE = YES;
				CLANG_WARN_UNGUARDED_AVAILABILITY = YES_AGGRESSIVE;
				CLANG_WARN_UNREACHABLE_CODE = YES;
				CLANG_WARN__DUPLICATE_METHOD_MATCH = YES;
				COPY_PHASE_STRIP = NO;
				DEBUG_INFORMATION_FORMAT = "dwarf-with-dsym";
				DEVELOPMENT_TEAM = EFSCQ8TW64;
				ENABLE_NS_ASSERTIONS = NO;
				ENABLE_STRICT_OBJC_MSGSEND = YES;
				ENABLE_USER_SCRIPT_SANDBOXING = YES;
				GCC_C_LANGUAGE_STANDARD = gnu17;
				GCC_NO_COMMON_BLOCKS = YES;
				GCC_WARN_64_TO_32_BIT_CONVERSION = YES;
				GCC_WARN_ABOUT_RETURN_TYPE = YES_ERROR;
				GCC_WARN_UNDECLARED_SELECTOR = YES;
				GCC_WARN_UNINITIALIZED_AUTOS = YES_AGGRESSIVE;
				GCC_WARN_UNUSED_FUNCTION = YES;
				GCC_WARN_UNUSED_VARIABLE = YES;
				IPHONEOS_DEPLOYMENT_TARGET = 18.4;
				LOCALIZATION_PREFERS_STRING_CATALOGS = YES;
				MTL_ENABLE_DEBUG_INFO = NO;
				MTL_FAST_MATH = YES;
				SDKROOT = iphoneos;
				SWIFT_COMPILATION_MODE = wholemodule;
				VALIDATE_PRODUCT = YES;
			};
			name = Release;
		};
		CB1B95102EDD7874004CCACF /* Debug */ = {
			isa = XCBuildConfiguration;
			buildSettings = {
				ASSETCATALOG_COMPILER_APPICON_NAME = AppIcon;
				ASSETCATALOG_COMPILER_GLOBAL_ACCENT_COLOR_NAME = AccentColor;
				CODE_SIGN_STYLE = Automatic;
				CURRENT_PROJECT_VERSION = 1;
				DEVELOPMENT_TEAM = EFSCQ8TW64;
				ENABLE_PREVIEWS = YES;
				GENERATE_INFOPLIST_FILE = YES;
				INFOPLIST_KEY_UIApplicationSceneManifest_Generation = YES;
				INFOPLIST_KEY_UIApplicationSupportsIndirectInputEvents = YES;
				INFOPLIST_KEY_UILaunchScreen_Generation = YES;
				INFOPLIST_KEY_UISupportedInterfaceOrientations_iPad = "UIInterfaceOrientationPortrait UIInterfaceOrientationPortraitUpsideDown UIInterfaceOrientationLandscapeLeft UIInterfaceOrientationLandscapeRight";
				INFOPLIST_KEY_UISupportedInterfaceOrientations_iPhone = "UIInterfaceOrientationPortrait UIInterfaceOrientationLandscapeLeft UIInterfaceOrientationLandscapeRight";
				IPHONEOS_DEPLOYMENT_TARGET = 17.6;
				LD_RUNPATH_SEARCH_PATHS = (
					"$(inherited)",
					"@executable_path/Frameworks",
				);
				MARKETING_VERSION = 1.0;
				PRODUCT_BUNDLE_IDENTIFIER = MotionDepthEffect.MotionDepthEffect;
				PRODUCT_NAME = "$(TARGET_NAME)";
				SWIFT_EMIT_LOC_STRINGS = YES;
				SWIFT_VERSION = 5.0;
				TARGETED_DEVICE_FAMILY = "1,2";
			};
			name = Debug;
		};
		CB1B95112EDD7874004CCACF /* Release */ = {
			isa = XCBuildConfiguration;
			buildSettings = {
				ASSETCATALOG_COMPILER_APPICON_NAME = AppIcon;
				ASSETCATALOG_COMPILER_GLOBAL_ACCENT_COLOR_NAME = AccentColor;
				CODE_SIGN_STYLE = Automatic;
				CURRENT_PROJECT_VERSION = 1;
				DEVELOPMENT_TEAM = EFSCQ8TW64;
				ENABLE_PREVIEWS = YES;
				GENERATE_INFOPLIST_FILE = YES;
				INFOPLIST_KEY_UIApplicationSceneManifest_Generation = YES;
				INFOPLIST_KEY_UIApplicationSupportsIndirectInputEvents = YES;
				INFOPLIST_KEY_UILaunchScreen_Generation = YES;
				INFOPLIST_KEY_UISupportedInterfaceOrientations_iPad = "UIInterfaceOrientationPortrait UIInterfaceOrientationPortraitUpsideDown UIInterfaceOrientationLandscapeLeft UIInterfaceOrientationLandscapeRight";
				INFOPLIST_KEY_UISupportedInterfaceOrientations_iPhone = "UIInterfaceOrientationPortrait UIInterfaceOrientationLandscapeLeft UIInterfaceOrientationLandscapeRight";
				IPHONEOS_DEPLOYMENT_TARGET = 17.6;
				LD_RUNPATH_SEARCH_PATHS = (
					"$(inherited)",
					"@executable_path/Frameworks",
				);
				MARKETING_VERSION = 1.0;
				PRODUCT_BUNDLE_IDENTIFIER = MotionDepthEffect.MotionDepthEffect;
				PRODUCT_NAME = "$(TARGET_NAME)";
				SWIFT_EMIT_LOC_STRINGS = YES;
				SWIFT_VERSION = 5.0;
				TARGETED_DEVICE_FAMILY = "1,2";
			};
			name = Release;
		};
		CB1B95132EDD7874004CCACF /* Debug */ = {
			isa = XCBuildConfiguration;
			buildSettings = {
				BUNDLE_LOADER = "$(TEST_HOST)";
				CODE_SIGN_STYLE = Automatic;
				CURRENT_PROJECT_VERSION = 1;
				DEVELOPMENT_TEAM = EFSCQ8TW64;
				GENERATE_INFOPLIST_FILE = YES;
				IPHONEOS_DEPLOYMENT_TARGET = 18.4;
				MARKETING_VERSION = 1.0;
				PRODUCT_BUNDLE_IDENTIFIER = MotionDepthEffect.MotionDepthEffectTests;
				PRODUCT_NAME = "$(TARGET_NAME)";
				SWIFT_EMIT_LOC_STRINGS = NO;
				SWIFT_VERSION = 5.0;
				TARGETED_DEVICE_FAMILY = "1,2";
				TEST_HOST = "$(BUILT_PRODUCTS_DIR)/MotionDepthEffect.app/$(BUNDLE_EXECUTABLE_FOLDER_PATH)/MotionDepthEffect";
			};
			name = Debug;
		};
		CB1B95142EDD7874004CCACF /* Release */ = {
			isa = XCBuildConfiguration;
			buildSettings = {
				BUNDLE_LOADER = "$(TEST_HOST)";
				CODE_SIGN_STYLE = Automatic;
				CURRENT_PROJECT_VERSION = 1;
				DEVELOPMENT_TEAM = EFSCQ8TW64;
				GENERATE_INFOPLIST_FILE = YES;
				IPHONEOS_DEPLOYMENT_TARGET = 18.4;
				MARKETING_VERSION = 1.0;
				PRODUCT_BUNDLE_IDENTIFIER = MotionDepthEffect.MotionDepthEffectTests;
				PRODUCT_NAME = "$(TARGET_NAME)";
				SWIFT_EMIT_LOC_STRINGS = NO;
				SWIFT_VERSION = 5.0;
				TARGETED_DEVICE_FAMILY = "1,2";
				TEST_HOST = "$(BUILT_PRODUCTS_DIR)/MotionDepthEffect.app/$(BUNDLE_EXECUTABLE_FOLDER_PATH)/MotionDepthEffect";
			};
			name = Release;
		};
		CB1B95162EDD7874004CCACF /* Debug */ = {
			isa = XCBuildConfiguration;
			buildSettings = {
				CODE_SIGN_STYLE = Automatic;
				CURRENT_PROJECT_VERSION = 1;
				DEVELOPMENT_TEAM = EFSCQ8TW64;
				GENERATE_INFOPLIST_FILE = YES;
				MARKETING_VERSION = 1.0;
				PRODUCT_BUNDLE_IDENTIFIER = MotionDepthEffect.MotionDepthEffectUITests;
				PRODUCT_NAME = "$(TARGET_NAME)";
				SWIFT_EMIT_LOC_STRINGS = NO;
				SWIFT_VERSION = 5.0;
				TARGETED_DEVICE_FAMILY = "1,2";
				TEST_TARGET_NAME = MotionDepthEffect;
			};
			name = Debug;
		};
		CB1B95172EDD7874004CCACF /* Release */ = {
			isa = XCBuildConfiguration;
			buildSettings = {
				CODE_SIGN_STYLE = Automatic;
				CURRENT_PROJECT_VERSION = 1;
				DEVELOPMENT_TEAM = EFSCQ8TW64;
				GENERATE_INFOPLIST_FILE = YES;
				MARKETING_VERSION = 1.0;
				PRODUCT_BUNDLE_IDENTIFIER = MotionDepthEffect.MotionDepthEffectUITests;
				PRODUCT_NAME = "$(TARGET_NAME)";
				SWIFT_EMIT_LOC_STRINGS = NO;
				SWIFT_VERSION = 5.0;
				TARGETED_DEVICE_FAMILY = "1,2";
				TEST_TARGET_NAME = MotionDepthEffect;
			};
			name = Release;
		};
/* End XCBuildConfiguration section */

/* Begin XCConfigurationList section */
		CB1B94E72EDD7871004CCACF /* Build configuration list for PBXProject "MotionDepthEffect" */ = {
			isa = XCConfigurationList;
			buildConfigurations = (
				CB1B950D2EDD7874004CCACF /* Debug */,
				CB1B950E2EDD7874004CCACF /* Release */,
			);
			defaultConfigurationIsVisible = 0;
			defaultConfigurationName = Release;
		};
		CB1B950F2EDD7874004CCACF /* Build configuration list for PBXNativeTarget "MotionDepthEffect" */ = {
			isa = XCConfigurationList;
			buildConfigurations = (
				CB1B95102EDD7874004CCACF /* Debug */,
				CB1B95112EDD7874004CCACF /* Release */,
			);
			defaultConfigurationIsVisible = 0;
			defaultConfigurationName = Release;
		};
		CB1B95122EDD7874004CCACF /* Build configuration list for PBXNativeTarget "MotionDepthEffectTests" */ = {
			isa = XCConfigurationList;
			buildConfigurations = (
				CB1B95132EDD7874004CCACF /* Debug */,
				CB1B95142EDD7874004CCACF /* Release */,
			);
			defaultConfigurationIsVisible = 0;
			defaultConfigurationName = Release;
		};
		CB1B95152EDD7874004CCACF /* Build configuration list for PBXNativeTarget "MotionDepthEffectUITests" */ = {
			isa = XCConfigurationList;
			buildConfigurations = (
				CB1B95162EDD7874004CCACF /* Debug */,
				CB1B95172EDD7874004CCACF /* Release */,
			);
			defaultConfigurationIsVisible = 0;
			defaultConfigurationName = Release;
		};
/* End XCConfigurationList section */
	};
	rootObject = CB1B94E42EDD7871004CCACF /* Project object */;
}
